{
  "name": "vertical-route-language",
  "version": "0.1.0",
  "lockfileVersion": 3,
  "requires": true,
  "packages": {
    "": {
      "name": "vertical-route-language",
      "version": "0.1.0",
      "license": "MIT",
      "workspaces": [
        "packages/*"
      ],
      "engines": {
        "node": ">=25.0.0"
      }
    },
    "node_modules/@vrl/core": {
      "resolved": "packages/vrl-core",
      "link": true
    },
    "node_modules/@vrl/react": {
      "resolved": "packages/vrl-react",
      "link": true
    },
    "node_modules/@vrl/render-svg": {
      "resolved": "packages/vrl-render-svg",
      "link": true
    },
    "node_modules/@vrl/svelte": {
      "resolved": "packages/vrl-svelte",
      "link": true
    },
    "packages/vrl-core": {
      "name": "@vrl/core",
      "version": "0.1.0",
      "license": "MIT",
      "engines": {
        "node": ">=20.0.0"
      }
    },
    "packages/vrl-react": {
      "name": "@vrl/react",
      "version": "0.1.0",
      "license": "MIT",
      "dependencies": {
        "@vrl/core": "0.1.0",
        "@vrl/render-svg": "0.1.0"
      },
      "engines": {
        "node": ">=20.0.0"
      },
      "peerDependencies": {
        "react": ">=18.0.0"
      }
    },
    "packages/vrl-render-svg": {
      "name": "@vrl/render-svg",
      "version": "0.1.0",
      "license": "MIT",
      "engines": {
        "node": ">=20.0.0"
      }
    },
    "packages/vrl-svelte": {
      "name": "@vrl/svelte",
      "version": "0.1.0",
      "license": "MIT",
      "dependencies": {
        "@vrl/core": "0.1.0",
        "@vrl/render-svg": "0.1.0"
      },
      "engines": {
        "node": ">=20.0.0"
      },
      "peerDependencies": {
        "svelte": ">=4.0.0"
      }
    }
  }
}
