{
  "name": "vertical-route-language",
  "version": "0.1.0",
  "lockfileVersion": 3,
  "requires": true,
  "packages": {
    "": {
      "name": "vertical-route-language",
      "version": "0.1.0",
      "license": "MIT",
      "workspaces": [
        "packages/*"
      ],
      "engines": {
        "node": ">=25.0.0"
      }
    },
    "node_modules/@subvertic/core": {
      "resolved": "packages/vrl-core",
      "link": true
    },
    "node_modules/@subvertic/react": {
      "resolved": "packages/vrl-react",
      "link": true
    },
    "node_modules/@subvertic/render-svg": {
      "resolved": "packages/vrl-render-svg",
      "link": true
    },
    "node_modules/@subvertic/svelte": {
      "resolved": "packages/vrl-svelte",
      "link": true
    },
    "node_modules/@subvertic/sveltekit": {
      "resolved": "packages/vrl-sveltekit",
      "link": true
    },
    "packages/vrl-core": {
      "name": "@subvertic/core",
      "version": "0.1.0",
      "license": "MIT",
      "engines": {
        "node": ">=20.0.0"
      }
    },
    "packages/vrl-react": {
      "name": "@subvertic/react",
      "version": "0.1.0",
      "license": "MIT",
      "dependencies": {
        "@subvertic/core": "0.1.0",
        "@subvertic/render-svg": "0.1.0"
      },
      "engines": {
        "node": ">=20.0.0"
      },
      "peerDependencies": {
        "react": ">=18.0.0"
      }
    },
    "packages/vrl-render-svg": {
      "name": "@subvertic/render-svg",
      "version": "0.1.0",
      "license": "MIT",
      "engines": {
        "node": ">=20.0.0"
      }
    },
    "packages/vrl-svelte": {
      "name": "@subvertic/svelte",
      "version": "0.1.0",
      "license": "MIT",
      "dependencies": {
        "@subvertic/core": "0.1.0",
        "@subvertic/render-svg": "0.1.0"
      },
      "engines": {
        "node": ">=20.0.0"
      },
      "peerDependencies": {
        "svelte": ">=4.0.0"
      }
    },
    "packages/vrl-sveltekit": {
      "name": "@subvertic/sveltekit",
      "version": "0.1.0",
      "license": "MIT",
      "dependencies": {
        "@subvertic/svelte": "0.1.0"
      },
      "engines": {
        "node": ">=20.0.0"
      },
      "peerDependencies": {
        "@sveltejs/kit": ">=2.0.0",
        "svelte": ">=4.0.0"
      }
    }
  }
}
